
Microsoft Visual Studio Solution File, Format Version 12.00
# Visual Studio 15
VisualStudioVersion = 15.0.28307.421
MinimumVisualStudioVersion = 10.0.40219.1
Project("{FAE04EC0-301F-11D3-BF4B-00C04F79EFBC}") = "VendasConsole", "VendasConsole\VendasConsole.csproj", "{B72C23C2-ACE5-4C03-BC31-BDC1E9E0B31B}"
EndProject
Global
	GlobalSection(SolutionConfigurationPlatforms) = preSolution
		Debug|Any CPU = Debug|Any CPU
		Release|Any CPU = Release|Any CPU
	EndGlobalSection
	GlobalSection(ProjectConfigurationPlatforms) = postSolution
		{B72C23C2-ACE5-4C03-BC31-BDC1E9E0B31B}.Debug|Any CPU.ActiveCfg = Debug|Any CPU
		{B72C23C2-ACE5-4C03-BC31-BDC1E9E0B31B}.Debug|Any CPU.Build.0 = Debug|Any CPU
		{B72C23C2-ACE5-4C03-BC31-BDC1E9E0B31B}.Release|Any CPU.ActiveCfg = Release|Any CPU
		{B72C23C2-ACE5-4C03-BC31-BDC1E9E0B31B}.Release|Any CPU.Build.0 = Release|Any CPU
	EndGlobalSection
	GlobalSection(SolutionProperties) = preSolution
		HideSolutionNode = FALSE
	EndGlobalSection
	GlobalSection(ExtensibilityGlobals) = postSolution
		SolutionGuid = {32E6B81A-57E9-4FF4-AD08-AF0471CB3A22}
	EndGlobalSection
EndGlobal
